
Microsoft Visual Studio Solution File, Format Version 12.00
# Visual Studio Version 17
VisualStudioVersion = 17.4.33213.308
MinimumVisualStudioVersion = 10.0.40219.1
Project("{FAE04EC0-301F-11D3-BF4B-00C04F79EFBC}") = "DatabaseConnectivity", "DatabaseConnectivity\DatabaseConnectivity.csproj", "{60F3AF31-3D11-4C8E-BA03-38756C4ABA1D}"
EndProject
Project("{FAE04EC0-301F-11D3-BF4B-00C04F79EFBC}") = "EFramework", "EFramework\EFramework.csproj", "{1CD208B2-ABC8-4E0A-9B6C-B668E11DC50C}"
EndProject
Project("{FAE04EC0-301F-11D3-BF4B-00C04F79EFBC}") = "CodeFirstApproach", "CodeFirstApproach\CodeFirstApproach.csproj", "{43299252-86F1-41DD-962D-A029029BD850}"
EndProject
Global
	GlobalSection(SolutionConfigurationPlatforms) = preSolution
		Debug|Any CPU = Debug|Any CPU
		Release|Any CPU = Release|Any CPU
	EndGlobalSection
	GlobalSection(ProjectConfigurationPlatforms) = postSolution
		{60F3AF31-3D11-4C8E-BA03-38756C4ABA1D}.Debug|Any CPU.ActiveCfg = Debug|Any CPU
		{60F3AF31-3D11-4C8E-BA03-38756C4ABA1D}.Debug|Any CPU.Build.0 = Debug|Any CPU
		{60F3AF31-3D11-4C8E-BA03-38756C4ABA1D}.Release|Any CPU.ActiveCfg = Release|Any CPU
		{60F3AF31-3D11-4C8E-BA03-38756C4ABA1D}.Release|Any CPU.Build.0 = Release|Any CPU
		{1CD208B2-ABC8-4E0A-9B6C-B668E11DC50C}.Debug|Any CPU.ActiveCfg = Debug|Any CPU
		{1CD208B2-ABC8-4E0A-9B6C-B668E11DC50C}.Debug|Any CPU.Build.0 = Debug|Any CPU
		{1CD208B2-ABC8-4E0A-9B6C-B668E11DC50C}.Release|Any CPU.ActiveCfg = Release|Any CPU
		{1CD208B2-ABC8-4E0A-9B6C-B668E11DC50C}.Release|Any CPU.Build.0 = Release|Any CPU
		{43299252-86F1-41DD-962D-A029029BD850}.Debug|Any CPU.ActiveCfg = Debug|Any CPU
		{43299252-86F1-41DD-962D-A029029BD850}.Debug|Any CPU.Build.0 = Debug|Any CPU
		{43299252-86F1-41DD-962D-A029029BD850}.Release|Any CPU.ActiveCfg = Release|Any CPU
		{43299252-86F1-41DD-962D-A029029BD850}.Release|Any CPU.Build.0 = Release|Any CPU
	EndGlobalSection
	GlobalSection(SolutionProperties) = preSolution
		HideSolutionNode = FALSE
	EndGlobalSection
	GlobalSection(ExtensibilityGlobals) = postSolution
		SolutionGuid = {BF0DDC86-81A3-4B4C-A325-D5B83EA91A22}
	EndGlobalSection
EndGlobal
